
Microsoft Visual Studio Solution File, Format Version 12.00
# Visual Studio Version 17
VisualStudioVersion = 17.0.32112.339
MinimumVisualStudioVersion = 10.0.40219.1
Project("{FAE04EC0-301F-11D3-BF4B-00C04F79EFBC}") = "PostAndComment", "PostAndComment\PostAndComment.csproj", "{6DF9DFD1-7231-489F-A62A-2B0AB7CCA475}"
EndProject
Global
	GlobalSection(SolutionConfigurationPlatforms) = preSolution
		Debug|Any CPU = Debug|Any CPU
		Release|Any CPU = Release|Any CPU
	EndGlobalSection
	GlobalSection(ProjectConfigurationPlatforms) = postSolution
		{6DF9DFD1-7231-489F-A62A-2B0AB7CCA475}.Debug|Any CPU.ActiveCfg = Debug|Any CPU
		{6DF9DFD1-7231-489F-A62A-2B0AB7CCA475}.Debug|Any CPU.Build.0 = Debug|Any CPU
		{6DF9DFD1-7231-489F-A62A-2B0AB7CCA475}.Release|Any CPU.ActiveCfg = Release|Any CPU
		{6DF9DFD1-7231-489F-A62A-2B0AB7CCA475}.Release|Any CPU.Build.0 = Release|Any CPU
	EndGlobalSection
	GlobalSection(SolutionProperties) = preSolution
		HideSolutionNode = FALSE
	EndGlobalSection
	GlobalSection(ExtensibilityGlobals) = postSolution
		SolutionGuid = {1B210ED6-2F37-4425-9C1C-F425697EEBEF}
	EndGlobalSection
EndGlobal
